Microsoft Visual Studio Solution File, Format Version 11.00
# Visual Studio 2010
Project("{FAE04EC0-301F-11D3-BF4B-00C04F79EFBC}") = "SDRSharp", "SDRSharp\SDRSharp.csproj", "{7EB66BC2-6667-468F-8A95-CF49491CD67F}"
EndProject
Project("{FAE04EC0-301F-11D3-BF4B-00C04F79EFBC}") = "SDRSharp.Radio", "Radio\SDRSharp.Radio.csproj", "{1E08E7FD-5A13-454D-ADBD-C1A0B75ECF2D}"
EndProject
Project("{FAE04EC0-301F-11D3-BF4B-00C04F79EFBC}") = "SDRSharp.PanView", "PanView\SDRSharp.PanView.csproj", "{C9292D31-4761-48FC-BEE0-9035D27F68BC}"
EndProject
Project("{FAE04EC0-301F-11D3-BF4B-00C04F79EFBC}") = "SDRSharp.SoftRock", "SoftRock\SDRSharp.SoftRock.csproj", "{905386A0-FCE6-4110-8EAA-DC75A239E330}"
EndProject
Project("{FAE04EC0-301F-11D3-BF4B-00C04F79EFBC}") = "SDRSharp.FUNcube", "FUNcube\SDRSharp.FUNcube.csproj", "{06334FD5-FB22-4805-8FDD-1DC21DA213CA}"
EndProject
Project("{FAE04EC0-301F-11D3-BF4B-00C04F79EFBC}") = "SDRSharp.CollapsiblePanel", "CollapsiblePanel\SDRSharp.CollapsiblePanel.csproj", "{279AE777-D3DE-449A-9501-A83677F2B97A}"
EndProject
Project("{FAE04EC0-301F-11D3-BF4B-00C04F79EFBC}") = "SDRSharp.RTLSDR", "RTLSDR\SDRSharp.RTLSDR.csproj", "{66F804AC-2E08-4665-977A-0AFDB00CA70F}"
EndProject
Project("{FAE04EC0-301F-11D3-BF4B-00C04F79EFBC}") = "SDRSharp.RTLTCP", "RTLTCP\SDRSharp.RTLTCP.csproj", "{CDDB35AF-EAC2-4D1B-BD7C-9D82EE5F26EA}"
EndProject
Project("{FAE04EC0-301F-11D3-BF4B-00C04F79EFBC}") = "SDRSharp.FrequencyManager", "FrequencyManager\SDRSharp.FrequencyManager.csproj", "{63F197AA-A7CC-45B5-A0A1-F115CBF89498}"
EndProject
Project("{FAE04EC0-301F-11D3-BF4B-00C04F79EFBC}") = "SDRSharp.Common", "Common\SDRSharp.Common.csproj", "{4C0ED4BB-8D7A-4220-AB53-A19E1A48F0D1}"
EndProject
Project("{FAE04EC0-301F-11D3-BF4B-00C04F79EFBC}") = "SDRSharp.SDRIQ", "SDRIQ\SDRSharp.SDRIQ.csproj", "{5F3531D8-3C21-4CA1-B8DE-77B9B03421A9}"
EndProject
Project("{FAE04EC0-301F-11D3-BF4B-00C04F79EFBC}") = "SDRSharp.WavRecorder", "WavRecorder\SDRSharp.WavRecorder.csproj", "{EC625CDB-0D44-4D8A-8581-3C0DAB4D2EDA}"
EndProject
Project("{FAE04EC0-301F-11D3-BF4B-00C04F79EFBC}") = "SDRSharp.FUNcubeProPlus", "FUNcubeProPlus\SDRSharp.FUNcubeProPlus.csproj", "{DB5FA299-F6B0-42F0-9BD0-EBAF91051167}"
EndProject
Project("{FAE04EC0-301F-11D3-BF4B-00C04F79EFBC}") = "SDRSharp.FrequencyEdit", "FrequencyEdit\SDRSharp.FrequencyEdit.csproj", "{15A6FC05-73A7-4499-BC71-A1634AC84F36}"
EndProject
Global
	GlobalSection(SolutionConfigurationPlatforms) = preSolution
		Debug|x86 = Debug|x86
		Release|x86 = Release|x86
	EndGlobalSection
	GlobalSection(ProjectConfigurationPlatforms) = postSolution
		{7EB66BC2-6667-468F-8A95-CF49491CD67F}.Debug|x86.ActiveCfg = Debug|x86
		{7EB66BC2-6667-468F-8A95-CF49491CD67F}.Debug|x86.Build.0 = Debug|x86
		{7EB66BC2-6667-468F-8A95-CF49491CD67F}.Release|x86.ActiveCfg = Release|x86
		{7EB66BC2-6667-468F-8A95-CF49491CD67F}.Release|x86.Build.0 = Release|x86
		{1E08E7FD-5A13-454D-ADBD-C1A0B75ECF2D}.Debug|x86.ActiveCfg = Debug|x86
		{1E08E7FD-5A13-454D-ADBD-C1A0B75ECF2D}.Debug|x86.Build.0 = Debug|x86
		{1E08E7FD-5A13-454D-ADBD-C1A0B75ECF2D}.Release|x86.ActiveCfg = Release|x86
		{1E08E7FD-5A13-454D-ADBD-C1A0B75ECF2D}.Release|x86.Build.0 = Release|x86
		{C9292D31-4761-48FC-BEE0-9035D27F68BC}.Debug|x86.ActiveCfg = Debug|x86
		{C9292D31-4761-48FC-BEE0-9035D27F68BC}.Debug|x86.Build.0 = Debug|x86
		{C9292D31-4761-48FC-BEE0-9035D27F68BC}.Release|x86.ActiveCfg = Release|x86
		{C9292D31-4761-48FC-BEE0-9035D27F68BC}.Release|x86.Build.0 = Release|x86
		{905386A0-FCE6-4110-8EAA-DC75A239E330}.Debug|x86.ActiveCfg = Debug|x86
		{905386A0-FCE6-4110-8EAA-DC75A239E330}.Debug|x86.Build.0 = Debug|x86
		{905386A0-FCE6-4110-8EAA-DC75A239E330}.Release|x86.ActiveCfg = Release|x86
		{905386A0-FCE6-4110-8EAA-DC75A239E330}.Release|x86.Build.0 = Release|x86
		{06334FD5-FB22-4805-8FDD-1DC21DA213CA}.Debug|x86.ActiveCfg = Debug|x86
		{06334FD5-FB22-4805-8FDD-1DC21DA213CA}.Debug|x86.Build.0 = Debug|x86
		{06334FD5-FB22-4805-8FDD-1DC21DA213CA}.Release|x86.ActiveCfg = Release|x86
		{06334FD5-FB22-4805-8FDD-1DC21DA213CA}.Release|x86.Build.0 = Release|x86
		{279AE777-D3DE-449A-9501-A83677F2B97A}.Debug|x86.ActiveCfg = Debug|x86
		{279AE777-D3DE-449A-9501-A83677F2B97A}.Debug|x86.Build.0 = Debug|x86
		{279AE777-D3DE-449A-9501-A83677F2B97A}.Release|x86.ActiveCfg = Release|x86
		{279AE777-D3DE-449A-9501-A83677F2B97A}.Release|x86.Build.0 = Release|x86
		{66F804AC-2E08-4665-977A-0AFDB00CA70F}.Debug|x86.ActiveCfg = Debug|x86
		{66F804AC-2E08-4665-977A-0AFDB00CA70F}.Debug|x86.Build.0 = Debug|x86
		{66F804AC-2E08-4665-977A-0AFDB00CA70F}.Release|x86.ActiveCfg = Release|x86
		{66F804AC-2E08-4665-977A-0AFDB00CA70F}.Release|x86.Build.0 = Release|x86
		{CDDB35AF-EAC2-4D1B-BD7C-9D82EE5F26EA}.Debug|x86.ActiveCfg = Debug|x86
		{CDDB35AF-EAC2-4D1B-BD7C-9D82EE5F26EA}.Debug|x86.Build.0 = Debug|x86
		{CDDB35AF-EAC2-4D1B-BD7C-9D82EE5F26EA}.Release|x86.ActiveCfg = Release|x86
		{CDDB35AF-EAC2-4D1B-BD7C-9D82EE5F26EA}.Release|x86.Build.0 = Release|x86
		{63F197AA-A7CC-45B5-A0A1-F115CBF89498}.Debug|x86.ActiveCfg = Debug|x86
		{63F197AA-A7CC-45B5-A0A1-F115CBF89498}.Debug|x86.Build.0 = Debug|x86
		{63F197AA-A7CC-45B5-A0A1-F115CBF89498}.Release|x86.ActiveCfg = Release|x86
		{63F197AA-A7CC-45B5-A0A1-F115CBF89498}.Release|x86.Build.0 = Release|x86
		{4C0ED4BB-8D7A-4220-AB53-A19E1A48F0D1}.Debug|x86.ActiveCfg = Debug|x86
		{4C0ED4BB-8D7A-4220-AB53-A19E1A48F0D1}.Debug|x86.Build.0 = Debug|x86
		{4C0ED4BB-8D7A-4220-AB53-A19E1A48F0D1}.Release|x86.ActiveCfg = Release|x86
		{4C0ED4BB-8D7A-4220-AB53-A19E1A48F0D1}.Release|x86.Build.0 = Release|x86
		{5F3531D8-3C21-4CA1-B8DE-77B9B03421A9}.Debug|x86.ActiveCfg = Debug|x86
		{5F3531D8-3C21-4CA1-B8DE-77B9B03421A9}.Debug|x86.Build.0 = Debug|x86
		{5F3531D8-3C21-4CA1-B8DE-77B9B03421A9}.Release|x86.ActiveCfg = Release|x86
		{5F3531D8-3C21-4CA1-B8DE-77B9B03421A9}.Release|x86.Build.0 = Release|x86
		{EC625CDB-0D44-4D8A-8581-3C0DAB4D2EDA}.Debug|x86.ActiveCfg = Debug|x86
		{EC625CDB-0D44-4D8A-8581-3C0DAB4D2EDA}.Debug|x86.Build.0 = Debug|x86
		{EC625CDB-0D44-4D8A-8581-3C0DAB4D2EDA}.Release|x86.ActiveCfg = Release|x86
		{EC625CDB-0D44-4D8A-8581-3C0DAB4D2EDA}.Release|x86.Build.0 = Release|x86
		{DB5FA299-F6B0-42F0-9BD0-EBAF91051167}.Debug|x86.ActiveCfg = Debug|x86
		{DB5FA299-F6B0-42F0-9BD0-EBAF91051167}.Debug|x86.Build.0 = Debug|x86
		{DB5FA299-F6B0-42F0-9BD0-EBAF91051167}.Release|x86.ActiveCfg = Release|x86
		{DB5FA299-F6B0-42F0-9BD0-EBAF91051167}.Release|x86.Build.0 = Release|x86
		{15A6FC05-73A7-4499-BC71-A1634AC84F36}.Debug|x86.ActiveCfg = Debug|x86
		{15A6FC05-73A7-4499-BC71-A1634AC84F36}.Debug|x86.Build.0 = Debug|x86
		{15A6FC05-73A7-4499-BC71-A1634AC84F36}.Release|x86.ActiveCfg = Release|x86
		{15A6FC05-73A7-4499-BC71-A1634AC84F36}.Release|x86.Build.0 = Release|x86
	EndGlobalSection
	GlobalSection(SolutionProperties) = preSolution
		HideSolutionNode = FALSE
	EndGlobalSection
EndGlobal
